
Microsoft Visual Studio Solution File, Format Version 12.00
# Visual Studio 2013
VisualStudioVersion = 12.0.31101.0
MinimumVisualStudioVersion = 10.0.40219.1
Project("{FAE04EC0-301F-11D3-BF4B-00C04F79EFBC}") = "OpenFiscalClient", "OpenFiscalClient.csproj", "{C7BDC666-7990-4BC2-9C58-D1C0597A6938}"
EndProject
Project("{FAE04EC0-301F-11D3-BF4B-00C04F79EFBC}") = "Test", "..\Test\Test.csproj", "{09AD3080-F0B7-4413-A432-F37AB9D61E62}"
EndProject
Global
	GlobalSection(SolutionConfigurationPlatforms) = preSolution
		Debug|Any CPU = Debug|Any CPU
		Release|Any CPU = Release|Any CPU
	EndGlobalSection
	GlobalSection(ProjectConfigurationPlatforms) = postSolution
		{C7BDC666-7990-4BC2-9C58-D1C0597A6938}.Debug|Any CPU.ActiveCfg = Debug|Any CPU
		{C7BDC666-7990-4BC2-9C58-D1C0597A6938}.Debug|Any CPU.Build.0 = Debug|Any CPU
		{C7BDC666-7990-4BC2-9C58-D1C0597A6938}.Release|Any CPU.ActiveCfg = Release|Any CPU
		{C7BDC666-7990-4BC2-9C58-D1C0597A6938}.Release|Any CPU.Build.0 = Release|Any CPU
		{09AD3080-F0B7-4413-A432-F37AB9D61E62}.Debug|Any CPU.ActiveCfg = Debug|Any CPU
		{09AD3080-F0B7-4413-A432-F37AB9D61E62}.Debug|Any CPU.Build.0 = Debug|Any CPU
		{09AD3080-F0B7-4413-A432-F37AB9D61E62}.Release|Any CPU.ActiveCfg = Release|Any CPU
		{09AD3080-F0B7-4413-A432-F37AB9D61E62}.Release|Any CPU.Build.0 = Release|Any CPU
	EndGlobalSection
	GlobalSection(SolutionProperties) = preSolution
		HideSolutionNode = FALSE
	EndGlobalSection
EndGlobal
